# This file is automatically @generated by Cargo.
# It is not intended for manual editing.
version = 4

[[package]]
name = "houdini_ramen"
version = "0.0.5"
dependencies = [
 "houdini_ramen_chop",
 "houdini_ramen_cop2",
 "houdini_ramen_core",
 "houdini_ramen_dop",
 "houdini_ramen_driver",
 "houdini_ramen_helpers",
 "houdini_ramen_lop",
 "houdini_ramen_object",
 "houdini_ramen_sop",
 "houdini_ramen_top",
 "houdini_ramen_vop",
]

[[package]]
name = "houdini_ramen_chop"
version = "0.0.5"
dependencies = [
 "houdini_ramen_core",
]

[[package]]
name = "houdini_ramen_cop2"
version = "0.0.5"
dependencies = [
 "houdini_ramen_core",
]

[[package]]
name = "houdini_ramen_core"
version = "0.0.5"

[[package]]
name = "houdini_ramen_dop"
version = "0.0.5"
dependencies = [
 "houdini_ramen_core",
]

[[package]]
name = "houdini_ramen_driver"
version = "0.0.5"
dependencies = [
 "houdini_ramen_core",
]

[[package]]
name = "houdini_ramen_helpers"
version = "0.0.5"
dependencies = [
 "houdini_ramen_chop",
 "houdini_ramen_cop2",
 "houdini_ramen_core",
 "houdini_ramen_dop",
 "houdini_ramen_driver",
 "houdini_ramen_lop",
 "houdini_ramen_object",
 "houdini_ramen_sop",
 "houdini_ramen_top",
 "houdini_ramen_vop",
]

[[package]]
name = "houdini_ramen_lop"
version = "0.0.5"
dependencies = [
 "houdini_ramen_core",
]

[[package]]
name = "houdini_ramen_object"
version = "0.0.5"
dependencies = [
 "houdini_ramen_core",
]

[[package]]
name = "houdini_ramen_sop"
version = "0.0.5"
dependencies = [
 "houdini_ramen_core",
]

[[package]]
name = "houdini_ramen_top"
version = "0.0.5"
dependencies = [
 "houdini_ramen_core",
]

[[package]]
name = "houdini_ramen_vop"
version = "0.0.5"
dependencies = [
 "houdini_ramen_core",
]
